name: Deploy Devlock on EC2 with ALB

on:
  push:
    branches: [ "main" ]
  workflow_dispatch:

jobs:
  terraform:
    name: Terraform Deploy
    runs-on: ubuntu-latest

    steps:
      - name: Checkout Code
        uses: actions/checkout@v4

      - name: Set up Terraform
        uses: hashicorp/setup-terraform@v3
        with:
          terraform_version: 1.8.0

      - name: Terraform Init
        run: terraform init

      - name: Terraform Format
        run: terraform fmt -check

      - name: Terraform Validate
        run: terraform validate

      - name: Terraform Plan
        run: terraform plan -out=tfplan

      - name: Terraform Apply
        if: github.ref == 'refs/heads/main'
        run: terraform apply -auto-approve

  checkov:
    name: Checkov Security Scan
    runs-on: ubuntu-latest

    steps:
      - name: Checkout Code
        uses: actions/checkout@v4

      - name: Install Checkov
        run: pip install checkov

      - name: Run Checkov Scan
        run: checkov -d .

  tf-docs:
    name: Generate Terraform Docs
    runs-on: ubuntu-latest

    steps:
      - name: Checkout Code
        uses: actions/checkout@v4

      - name: Setup terraform-docs
        uses: terraform-docs/gh-actions@v1.1.0
        with:
          output-file: README.md
          output-method: inject
          git-push: "true"
